// !$*UTF8*$!
{
	archiveVersion = 1;
	classes = {
	};
	objectVersion = 46;
	objects = {

/* Begin PBXBuildFile section */
		8492ECC41F2AF0FE00548622 /* LICENSE in Resources */ = {isa = PBXBuildFile; fileRef = 8492ECA81F2AF0FE00548622 /* LICENSE */; };
		8492ECC51F2AF0FE00548622 /* MASCompositeConstraint.m in Sources */ = {isa = PBXBuildFile; fileRef = 8492ECAB1F2AF0FE00548622 /* MASCompositeConstraint.m */; };
		8492ECC61F2AF0FE00548622 /* MASConstraint.m in Sources */ = {isa = PBXBuildFile; fileRef = 8492ECAE1F2AF0FE00548622 /* MASConstraint.m */; };
		8492ECC71F2AF0FE00548622 /* MASConstraintMaker.m in Sources */ = {isa = PBXBuildFile; fileRef = 8492ECB01F2AF0FE00548622 /* MASConstraintMaker.m */; };
		8492ECC81F2AF0FE00548622 /* MASLayoutConstraint.m in Sources */ = {isa = PBXBuildFile; fileRef = 8492ECB21F2AF0FE00548622 /* MASLayoutConstraint.m */; };
		8492ECC91F2AF0FE00548622 /* MASViewAttribute.m in Sources */ = {isa = PBXBuildFile; fileRef = 8492ECB61F2AF0FE00548622 /* MASViewAttribute.m */; };
		8492ECCA1F2AF0FE00548622 /* MASViewConstraint.m in Sources */ = {isa = PBXBuildFile; fileRef = 8492ECB81F2AF0FE00548622 /* MASViewConstraint.m */; };
		8492ECCB1F2AF0FE00548622 /* NSArray+MASAdditions.m in Sources */ = {isa = PBXBuildFile; fileRef = 8492ECBA1F2AF0FE00548622 /* NSArray+MASAdditions.m */; };
		8492ECCC1F2AF0FE00548622 /* NSLayoutConstraint+MASDebugAdditions.m in Sources */ = {isa = PBXBuildFile; fileRef = 8492ECBD1F2AF0FE00548622 /* NSLayoutConstraint+MASDebugAdditions.m */; };
		8492ECCD1F2AF0FE00548622 /* View+MASAdditions.m in Sources */ = {isa = PBXBuildFile; fileRef = 8492ECBF1F2AF0FE00548622 /* View+MASAdditions.m */; };
		8492ECCE1F2AF0FE00548622 /* ViewController+MASAdditions.m in Sources */ = {isa = PBXBuildFile; fileRef = 8492ECC21F2AF0FE00548622 /* ViewController+MASAdditions.m */; };
		8492ECCF1F2AF0FE00548622 /* README.md in Sources */ = {isa = PBXBuildFile; fileRef = 8492ECC31F2AF0FE00548622 /* README.md */; };
		8492ECD21F2B265600548622 /* ViewController.m in Sources */ = {isa = PBXBuildFile; fileRef = 8492ECD11F2B265600548622 /* ViewController.m */; };
		84A1697E1F298C830028129C /* main.m in Sources */ = {isa = PBXBuildFile; fileRef = 84A1697D1F298C830028129C /* main.m */; };
		84A169811F298C830028129C /* AppDelegate.m in Sources */ = {isa = PBXBuildFile; fileRef = 84A169801F298C830028129C /* AppDelegate.m */; };
		84A169871F298C830028129C /* Main.storyboard in Resources */ = {isa = PBXBuildFile; fileRef = 84A169851F298C830028129C /* Main.storyboard */; };
		84A169891F298C830028129C /* Assets.xcassets in Resources */ = {isa = PBXBuildFile; fileRef = 84A169881F298C830028129C /* Assets.xcassets */; };
		84A1698C1F298C830028129C /* LaunchScreen.storyboard in Resources */ = {isa = PBXBuildFile; fileRef = 84A1698A1F298C830028129C /* LaunchScreen.storyboard */; };
		84A169C81F29A1BF0028129C /* CViewController.m in Sources */ = {isa = PBXBuildFile; fileRef = 84A169C71F29A1BF0028129C /* CViewController.m */; };
		84A169CD1F29A71B0028129C /* ScrollviewViewController.m in Sources */ = {isa = PBXBuildFile; fileRef = 84A169CC1F29A71B0028129C /* ScrollviewViewController.m */; };
		84A169D11F29ABFB0028129C /* NOScrollviewViewController.m in Sources */ = {isa = PBXBuildFile; fileRef = 84A169D01F29ABFB0028129C /* NOScrollviewViewController.m */; };
/* End PBXBuildFile section */

/* Begin PBXFileReference section */
		8492ECA81F2AF0FE00548622 /* LICENSE */ = {isa = PBXFileReference; fileEncoding = 4; lastKnownFileType = text; path = LICENSE; sourceTree = "<group>"; };
		8492ECAA1F2AF0FE00548622 /* MASCompositeConstraint.h */ = {isa = PBXFileReference; fileEncoding = 4; lastKnownFileType = sourcecode.c.h; path = MASCompositeConstraint.h; sourceTree = "<group>"; };
		8492ECAB1F2AF0FE00548622 /* MASCompositeConstraint.m */ = {isa = PBXFileReference; fileEncoding = 4; lastKnownFileType = sourcecode.c.objc; path = MASCompositeConstraint.m; sourceTree = "<group>"; };
		8492ECAC1F2AF0FE00548622 /* MASConstraint+Private.h */ = {isa = PBXFileReference; fileEncoding = 4; lastKnownFileType = sourcecode.c.h; path = "MASConstraint+Private.h"; sourceTree = "<group>"; };
		8492ECAD1F2AF0FE00548622 /* MASConstraint.h */ = {isa = PBXFileReference; fileEncoding = 4; lastKnownFileType = sourcecode.c.h; path = MASConstraint.h; sourceTree = "<group>"; };
		8492ECAE1F2AF0FE00548622 /* MASConstraint.m */ = {isa = PBXFileReference; fileEncoding = 4; lastKnownFileType = sourcecode.c.objc; path = MASConstraint.m; sourceTree = "<group>"; };
		8492ECAF1F2AF0FE00548622 /* MASConstraintMaker.h */ = {isa = PBXFileReference; fileEncoding = 4; lastKnownFileType = sourcecode.c.h; path = MASConstraintMaker.h; sourceTree = "<group>"; };
		8492ECB01F2AF0FE00548622 /* MASConstraintMaker.m */ = {isa = PBXFileReference; fileEncoding = 4; lastKnownFileType = sourcecode.c.objc; path = MASConstraintMaker.m; sourceTree = "<group>"; };
		8492ECB11F2AF0FE00548622 /* MASLayoutConstraint.h */ = {isa = PBXFileReference; fileEncoding = 4; lastKnownFileType = sourcecode.c.h; path = MASLayoutConstraint.h; sourceTree = "<group>"; };
		8492ECB21F2AF0FE00548622 /* MASLayoutConstraint.m */ = {isa = PBXFileReference; fileEncoding = 4; lastKnownFileType = sourcecode.c.objc; path = MASLayoutConstraint.m; sourceTree = "<group>"; };
		8492ECB31F2AF0FE00548622 /* Masonry.h */ = {isa = PBXFileReference; fileEncoding = 4; lastKnownFileType = sourcecode.c.h; path = Masonry.h; sourceTree = "<group>"; };
		8492ECB41F2AF0FE00548622 /* MASUtilities.h */ = {isa = PBXFileReference; fileEncoding = 4; lastKnownFileType = sourcecode.c.h; path = MASUtilities.h; sourceTree = "<group>"; };
		8492ECB51F2AF0FE00548622 /* MASViewAttribute.h */ = {isa = PBXFileReference; fileEncoding = 4; lastKnownFileType = sourcecode.c.h; path = MASViewAttribute.h; sourceTree = "<group>"; };
		8492ECB61F2AF0FE00548622 /* MASViewAttribute.m */ = {isa = PBXFileReference; fileEncoding = 4; lastKnownFileType = sourcecode.c.objc; path = MASViewAttribute.m; sourceTree = "<group>"; };
		8492ECB71F2AF0FE00548622 /* MASViewConstraint.h */ = {isa = PBXFileReference; fileEncoding = 4; lastKnownFileType = sourcecode.c.h; path = MASViewConstraint.h; sourceTree = "<group>"; };
		8492ECB81F2AF0FE00548622 /* MASViewConstraint.m */ = {isa = PBXFileReference; fileEncoding = 4; lastKnownFileType = sourcecode.c.objc; path = MASViewConstraint.m; sourceTree = "<group>"; };
		8492ECB91F2AF0FE00548622 /* NSArray+MASAdditions.h */ = {isa = PBXFileReference; fileEncoding = 4; lastKnownFileType = sourcecode.c.h; path = "NSArray+MASAdditions.h"; sourceTree = "<group>"; };
		8492ECBA1F2AF0FE00548622 /* NSArray+MASAdditions.m */ = {isa = PBXFileReference; fileEncoding = 4; lastKnownFileType = sourcecode.c.objc; path = "NSArray+MASAdditions.m"; sourceTree = "<group>"; };
		8492ECBB1F2AF0FE00548622 /* NSArray+MASShorthandAdditions.h */ = {isa = PBXFileReference; fileEncoding = 4; lastKnownFileType = sourcecode.c.h; path = "NSArray+MASShorthandAdditions.h"; sourceTree = "<group>"; };
		8492ECBC1F2AF0FE00548622 /* NSLayoutConstraint+MASDebugAdditions.h */ = {isa = PBXFileReference; fileEncoding = 4; lastKnownFileType = sourcecode.c.h; path = "NSLayoutConstraint+MASDebugAdditions.h"; sourceTree = "<group>"; };
		8492ECBD1F2AF0FE00548622 /* NSLayoutConstraint+MASDebugAdditions.m */ = {isa = PBXFileReference; fileEncoding = 4; lastKnownFileType = sourcecode.c.objc; path = "NSLayoutConstraint+MASDebugAdditions.m"; sourceTree = "<group>"; };
		8492ECBE1F2AF0FE00548622 /* View+MASAdditions.h */ = {isa = PBXFileReference; fileEncoding = 4; lastKnownFileType = sourcecode.c.h; path = "View+MASAdditions.h"; sourceTree = "<group>"; };
		8492ECBF1F2AF0FE00548622 /* View+MASAdditions.m */ = {isa = PBXFileReference; fileEncoding = 4; lastKnownFileType = sourcecode.c.objc; path = "View+MASAdditions.m"; sourceTree = "<group>"; };
		8492ECC01F2AF0FE00548622 /* View+MASShorthandAdditions.h */ = {isa = PBXFileReference; fileEncoding = 4; lastKnownFileType = sourcecode.c.h; path = "View+MASShorthandAdditions.h"; sourceTree = "<group>"; };
		8492ECC11F2AF0FE00548622 /* ViewController+MASAdditions.h */ = {isa = PBXFileReference; fileEncoding = 4; lastKnownFileType = sourcecode.c.h; path = "ViewController+MASAdditions.h"; sourceTree = "<group>"; };
		8492ECC21F2AF0FE00548622 /* ViewController+MASAdditions.m */ = {isa = PBXFileReference; fileEncoding = 4; lastKnownFileType = sourcecode.c.objc; path = "ViewController+MASAdditions.m"; sourceTree = "<group>"; };
		8492ECC31F2AF0FE00548622 /* README.md */ = {isa = PBXFileReference; fileEncoding = 4; lastKnownFileType = net.daringfireball.markdown; path = README.md; sourceTree = "<group>"; };
		8492ECD01F2B265600548622 /* ViewController.h */ = {isa = PBXFileReference; fileEncoding = 4; lastKnownFileType = sourcecode.c.h; path = ViewController.h; sourceTree = "<group>"; };
		8492ECD11F2B265600548622 /* ViewController.m */ = {isa = PBXFileReference; fileEncoding = 4; lastKnownFileType = sourcecode.c.objc; path = ViewController.m; sourceTree = "<group>"; };
		84A169791F298C830028129C /* CCInterfaceAdaptation.app */ = {isa = PBXFileReference; explicitFileType = wrapper.application; includeInIndex = 0; path = CCInterfaceAdaptation.app; sourceTree = BUILT_PRODUCTS_DIR; };
		84A1697D1F298C830028129C /* main.m */ = {isa = PBXFileReference; lastKnownFileType = sourcecode.c.objc; path = main.m; sourceTree = "<group>"; };
		84A1697F1F298C830028129C /* AppDelegate.h */ = {isa = PBXFileReference; lastKnownFileType = sourcecode.c.h; path = AppDelegate.h; sourceTree = "<group>"; };
		84A169801F298C830028129C /* AppDelegate.m */ = {isa = PBXFileReference; lastKnownFileType = sourcecode.c.objc; path = AppDelegate.m; sourceTree = "<group>"; };
		84A169861F298C830028129C /* Base */ = {isa = PBXFileReference; lastKnownFileType = file.storyboard; name = Base; path = Base.lproj/Main.storyboard; sourceTree = "<group>"; };
		84A169881F298C830028129C /* Assets.xcassets */ = {isa = PBXFileReference; lastKnownFileType = folder.assetcatalog; path = Assets.xcassets; sourceTree = "<group>"; };
		84A1698B1F298C830028129C /* Base */ = {isa = PBXFileReference; lastKnownFileType = file.storyboard; name = Base; path = Base.lproj/LaunchScreen.storyboard; sourceTree = "<group>"; };
		84A1698D1F298C830028129C /* Info.plist */ = {isa = PBXFileReference; lastKnownFileType = text.plist.xml; path = Info.plist; sourceTree = "<group>"; };
		84A169C61F29A1BF0028129C /* CViewController.h */ = {isa = PBXFileReference; fileEncoding = 4; lastKnownFileType = sourcecode.c.h; path = CViewController.h; sourceTree = "<group>"; };
		84A169C71F29A1BF0028129C /* CViewController.m */ = {isa = PBXFileReference; fileEncoding = 4; lastKnownFileType = sourcecode.c.objc; path = CViewController.m; sourceTree = "<group>"; };
		84A169CB1F29A71B0028129C /* ScrollviewViewController.h */ = {isa = PBXFileReference; fileEncoding = 4; lastKnownFileType = sourcecode.c.h; path = ScrollviewViewController.h; sourceTree = "<group>"; };
		84A169CC1F29A71B0028129C /* ScrollviewViewController.m */ = {isa = PBXFileReference; fileEncoding = 4; lastKnownFileType = sourcecode.c.objc; path = ScrollviewViewController.m; sourceTree = "<group>"; };
		84A169CF1F29ABFB0028129C /* NOScrollviewViewController.h */ = {isa = PBXFileReference; fileEncoding = 4; lastKnownFileType = sourcecode.c.h; path = NOScrollviewViewController.h; sourceTree = "<group>"; };
		84A169D01F29ABFB0028129C /* NOScrollviewViewController.m */ = {isa = PBXFileReference; fileEncoding = 4; lastKnownFileType = sourcecode.c.objc; path = NOScrollviewViewController.m; sourceTree = "<group>"; };
/* End PBXFileReference section */

/* Begin PBXFrameworksBuildPhase section */
		84A169761F298C830028129C /* Frameworks */ = {
			isa = PBXFrameworksBuildPhase;
			buildActionMask = 2147483647;
			files = (
			);
			runOnlyForDeploymentPostprocessing = 0;
		};
/* End PBXFrameworksBuildPhase section */

/* Begin PBXGroup section */
		8492ECA71F2AF0FE00548622 /* Masonry */ = {
			isa = PBXGroup;
			children = (
				8492ECA81F2AF0FE00548622 /* LICENSE */,
				8492ECA91F2AF0FE00548622 /* Masonry */,
				8492ECC31F2AF0FE00548622 /* README.md */,
			);
			path = Masonry;
			sourceTree = "<group>";
		};
		8492ECA91F2AF0FE00548622 /* Masonry */ = {
			isa = PBXGroup;
			children = (
				8492ECAA1F2AF0FE00548622 /* MASCompositeConstraint.h */,
				8492ECAB1F2AF0FE00548622 /* MASCompositeConstraint.m */,
				8492ECAC1F2AF0FE00548622 /* MASConstraint+Private.h */,
				8492ECAD1F2AF0FE00548622 /* MASConstraint.h */,
				8492ECAE1F2AF0FE00548622 /* MASConstraint.m */,
				8492ECAF1F2AF0FE00548622 /* MASConstraintMaker.h */,
				8492ECB01F2AF0FE00548622 /* MASConstraintMaker.m */,
				8492ECB11F2AF0FE00548622 /* MASLayoutConstraint.h */,
				8492ECB21F2AF0FE00548622 /* MASLayoutConstraint.m */,
				8492ECB31F2AF0FE00548622 /* Masonry.h */,
				8492ECB41F2AF0FE00548622 /* MASUtilities.h */,
				8492ECB51F2AF0FE00548622 /* MASViewAttribute.h */,
				8492ECB61F2AF0FE00548622 /* MASViewAttribute.m */,
				8492ECB71F2AF0FE00548622 /* MASViewConstraint.h */,
				8492ECB81F2AF0FE00548622 /* MASViewConstraint.m */,
				8492ECB91F2AF0FE00548622 /* NSArray+MASAdditions.h */,
				8492ECBA1F2AF0FE00548622 /* NSArray+MASAdditions.m */,
				8492ECBB1F2AF0FE00548622 /* NSArray+MASShorthandAdditions.h */,
				8492ECBC1F2AF0FE00548622 /* NSLayoutConstraint+MASDebugAdditions.h */,
				8492ECBD1F2AF0FE00548622 /* NSLayoutConstraint+MASDebugAdditions.m */,
				8492ECBE1F2AF0FE00548622 /* View+MASAdditions.h */,
				8492ECBF1F2AF0FE00548622 /* View+MASAdditions.m */,
				8492ECC01F2AF0FE00548622 /* View+MASShorthandAdditions.h */,
				8492ECC11F2AF0FE00548622 /* ViewController+MASAdditions.h */,
				8492ECC21F2AF0FE00548622 /* ViewController+MASAdditions.m */,
			);
			path = Masonry;
			sourceTree = "<group>";
		};
		84A169701F298C830028129C = {
			isa = PBXGroup;
			children = (
				84A1697B1F298C830028129C /* CCInterfaceAdaptation */,
				84A1697A1F298C830028129C /* Products */,
			);
			sourceTree = "<group>";
		};
		84A1697A1F298C830028129C /* Products */ = {
			isa = PBXGroup;
			children = (
				84A169791F298C830028129C /* CCInterfaceAdaptation.app */,
			);
			name = Products;
			sourceTree = "<group>";
		};
		84A1697B1F298C830028129C /* CCInterfaceAdaptation */ = {
			isa = PBXGroup;
			children = (
				84A1699A1F299FCF0028129C /* Request */,
				84A169991F299FCF0028129C /* Config */,
				84A169981F299FCF0028129C /* Model */,
				84A169971F299FCF0028129C /* Resource */,
				84A169961F299FCF0028129C /* Tools */,
				84A169951F299FCF0028129C /* Vendor */,
				84A169941F299FCF0028129C /* ViewController */,
				84A169931F299FCF0028129C /* ViewModel */,
				84A1697F1F298C830028129C /* AppDelegate.h */,
				84A169801F298C830028129C /* AppDelegate.m */,
				84A169881F298C830028129C /* Assets.xcassets */,
				84A1698D1F298C830028129C /* Info.plist */,
				84A1697C1F298C830028129C /* Supporting Files */,
			);
			path = CCInterfaceAdaptation;
			sourceTree = "<group>";
		};
		84A1697C1F298C830028129C /* Supporting Files */ = {
			isa = PBXGroup;
			children = (
				84A1697D1F298C830028129C /* main.m */,
			);
			name = "Supporting Files";
			sourceTree = "<group>";
		};
		84A169931F299FCF0028129C /* ViewModel */ = {
			isa = PBXGroup;
			children = (
			);
			path = ViewModel;
			sourceTree = "<group>";
		};
		84A169941F299FCF0028129C /* ViewController */ = {
			isa = PBXGroup;
			children = (
				84A169CE1F29ABE80028129C /* NOScrollviewViewController */,
				84A169C91F29A6F80028129C /* ScrollviewViewController */,
				84A169CA1F29A6F80028129C /* ViewController */,
			);
			path = ViewController;
			sourceTree = "<group>";
		};
		84A169951F299FCF0028129C /* Vendor */ = {
			isa = PBXGroup;
			children = (
				8492ECA71F2AF0FE00548622 /* Masonry */,
			);
			path = Vendor;
			sourceTree = "<group>";
		};
		84A169961F299FCF0028129C /* Tools */ = {
			isa = PBXGroup;
			children = (
				84A169C51F29A1A20028129C /* Common */,
			);
			path = Tools;
			sourceTree = "<group>";
		};
		84A169971F299FCF0028129C /* Resource */ = {
			isa = PBXGroup;
			children = (
				84A1699B1F29A0250028129C /* InterfaceBuilder */,
			);
			path = Resource;
			sourceTree = "<group>";
		};
		84A169981F299FCF0028129C /* Model */ = {
			isa = PBXGroup;
			children = (
			);
			path = Model;
			sourceTree = "<group>";
		};
		84A169991F299FCF0028129C /* Config */ = {
			isa = PBXGroup;
			children = (
			);
			path = Config;
			sourceTree = "<group>";
		};
		84A1699A1F299FCF0028129C /* Request */ = {
			isa = PBXGroup;
			children = (
			);
			path = Request;
			sourceTree = "<group>";
		};
		84A1699B1F29A0250028129C /* InterfaceBuilder */ = {
			isa = PBXGroup;
			children = (
				84A169851F298C830028129C /* Main.storyboard */,
				84A1698A1F298C830028129C /* LaunchScreen.storyboard */,
			);
			path = InterfaceBuilder;
			sourceTree = "<group>";
		};
		84A169C51F29A1A20028129C /* Common */ = {
			isa = PBXGroup;
			children = (
				84A169C61F29A1BF0028129C /* CViewController.h */,
				84A169C71F29A1BF0028129C /* CViewController.m */,
			);
			path = Common;
			sourceTree = "<group>";
		};
		84A169C91F29A6F80028129C /* ScrollviewViewController */ = {
			isa = PBXGroup;
			children = (
				84A169CB1F29A71B0028129C /* ScrollviewViewController.h */,
				84A169CC1F29A71B0028129C /* ScrollviewViewController.m */,
			);
			path = ScrollviewViewController;
			sourceTree = "<group>";
		};
		84A169CA1F29A6F80028129C /* ViewController */ = {
			isa = PBXGroup;
			children = (
				8492ECD01F2B265600548622 /* ViewController.h */,
				8492ECD11F2B265600548622 /* ViewController.m */,
			);
			path = ViewController;
			sourceTree = "<group>";
		};
		84A169CE1F29ABE80028129C /* NOScrollviewViewController */ = {
			isa = PBXGroup;
			children = (
				84A169CF1F29ABFB0028129C /* NOScrollviewViewController.h */,
				84A169D01F29ABFB0028129C /* NOScrollviewViewController.m */,
			);
			path = NOScrollviewViewController;
			sourceTree = "<group>";
		};
/* End PBXGroup section */

/* Begin PBXNativeTarget section */
		84A169781F298C830028129C /* CCInterfaceAdaptation */ = {
			isa = PBXNativeTarget;
			buildConfigurationList = 84A169901F298C830028129C /* Build configuration list for PBXNativeTarget "CCInterfaceAdaptation" */;
			buildPhases = (
				84A169751F298C830028129C /* Sources */,
				84A169761F298C830028129C /* Frameworks */,
				84A169771F298C830028129C /* Resources */,
			);
			buildRules = (
			);
			dependencies = (
			);
			name = CCInterfaceAdaptation;
			productName = CCInterfaceAdaptation;
			productReference = 84A169791F298C830028129C /* CCInterfaceAdaptation.app */;
			productType = "com.apple.product-type.application";
		};
/* End PBXNativeTarget section */

/* Begin PBXProject section */
		84A169711F298C830028129C /* Project object */ = {
			isa = PBXProject;
			attributes = {
				LastUpgradeCheck = 0830;
				ORGANIZATIONNAME = "常丛丛";
				TargetAttributes = {
					84A169781F298C830028129C = {
						CreatedOnToolsVersion = 8.3;
						DevelopmentTeam = 64LC5EYVFQ;
						ProvisioningStyle = Automatic;
					};
				};
			};
			buildConfigurationList = 84A169741F298C830028129C /* Build configuration list for PBXProject "CCInterfaceAdaptation" */;
			compatibilityVersion = "Xcode 3.2";
			developmentRegion = English;
			hasScannedForEncodings = 0;
			knownRegions = (
				en,
				Base,
			);
			mainGroup = 84A169701F298C830028129C;
			productRefGroup = 84A1697A1F298C830028129C /* Products */;
			projectDirPath = "";
			projectRoot = "";
			targets = (
				84A169781F298C830028129C /* CCInterfaceAdaptation */,
			);
		};
/* End PBXProject section */

/* Begin PBXResourcesBuildPhase section */
		84A169771F298C830028129C /* Resources */ = {
			isa = PBXResourcesBuildPhase;
			buildActionMask = 2147483647;
			files = (
				84A1698C1F298C830028129C /* LaunchScreen.storyboard in Resources */,
				84A169891F298C830028129C /* Assets.xcassets in Resources */,
				8492ECC41F2AF0FE00548622 /* LICENSE in Resources */,
				84A169871F298C830028129C /* Main.storyboard in Resources */,
			);
			runOnlyForDeploymentPostprocessing = 0;
		};
/* End PBXResourcesBuildPhase section */

/* Begin PBXSourcesBuildPhase section */
		84A169751F298C830028129C /* Sources */ = {
			isa = PBXSourcesBuildPhase;
			buildActionMask = 2147483647;
			files = (
				8492ECD21F2B265600548622 /* ViewController.m in Sources */,
				8492ECC61F2AF0FE00548622 /* MASConstraint.m in Sources */,
				8492ECC91F2AF0FE00548622 /* MASViewAttribute.m in Sources */,
				8492ECCE1F2AF0FE00548622 /* ViewController+MASAdditions.m in Sources */,
				8492ECCB1F2AF0FE00548622 /* NSArray+MASAdditions.m in Sources */,
				8492ECCA1F2AF0FE00548622 /* MASViewConstraint.m in Sources */,
				8492ECC81F2AF0FE00548622 /* MASLayoutConstraint.m in Sources */,
				84A169C81F29A1BF0028129C /* CViewController.m in Sources */,
				84A169811F298C830028129C /* AppDelegate.m in Sources */,
				8492ECCD1F2AF0FE00548622 /* View+MASAdditions.m in Sources */,
				8492ECC51F2AF0FE00548622 /* MASCompositeConstraint.m in Sources */,
				8492ECCF1F2AF0FE00548622 /* README.md in Sources */,
				8492ECCC1F2AF0FE00548622 /* NSLayoutConstraint+MASDebugAdditions.m in Sources */,
				8492ECC71F2AF0FE00548622 /* MASConstraintMaker.m in Sources */,
				84A1697E1F298C830028129C /* main.m in Sources */,
				84A169CD1F29A71B0028129C /* ScrollviewViewController.m in Sources */,
				84A169D11F29ABFB0028129C /* NOScrollviewViewController.m in Sources */,
			);
			runOnlyForDeploymentPostprocessing = 0;
		};
/* End PBXSourcesBuildPhase section */

/* Begin PBXVariantGroup section */
		84A169851F298C830028129C /* Main.storyboard */ = {
			isa = PBXVariantGroup;
			children = (
				84A169861F298C830028129C /* Base */,
			);
			name = Main.storyboard;
			path = ../..;
			sourceTree = "<group>";
		};
		84A1698A1F298C830028129C /* LaunchScreen.storyboard */ = {
			isa = PBXVariantGroup;
			children = (
				84A1698B1F298C830028129C /* Base */,
			);
			name = LaunchScreen.storyboard;
			path = ../..;
			sourceTree = "<group>";
		};
/* End PBXVariantGroup section */

/* Begin XCBuildConfiguration section */
		84A1698E1F298C830028129C /* Debug */ = {
			isa = XCBuildConfiguration;
			buildSettings = {
				ALWAYS_SEARCH_USER_PATHS = NO;
				CLANG_ANALYZER_NONNULL = YES;
				CLANG_ANALYZER_NUMBER_OBJECT_CONVERSION = YES_AGGRESSIVE;
				CLANG_CXX_LANGUAGE_STANDARD = "gnu++0x";
				CLANG_CXX_LIBRARY = "libc++";
				CLANG_ENABLE_MODULES = YES;
				CLANG_ENABLE_OBJC_ARC = YES;
				CLANG_WARN_BOOL_CONVERSION = YES;
				CLANG_WARN_CONSTANT_CONVERSION = YES;
				CLANG_WARN_DIRECT_OBJC_ISA_USAGE = YES_ERROR;
				CLANG_WARN_DOCUMENTATION_COMMENTS = YES;
				CLANG_WARN_EMPTY_BODY = YES;
				CLANG_WARN_ENUM_CONVERSION = YES;
				CLANG_WARN_INFINITE_RECURSION = YES;
				CLANG_WARN_INT_CONVERSION = YES;
				CLANG_WARN_OBJC_ROOT_CLASS = YES_ERROR;
				CLANG_WARN_SUSPICIOUS_MOVE = YES;
				CLANG_WARN_UNREACHABLE_CODE = YES;
				CLANG_WARN__DUPLICATE_METHOD_MATCH = YES;
				"CODE_SIGN_IDENTITY[sdk=iphoneos*]" = "iPhone Developer";
				COPY_PHASE_STRIP = NO;
				DEBUG_INFORMATION_FORMAT = dwarf;
				ENABLE_STRICT_OBJC_MSGSEND = YES;
				ENABLE_TESTABILITY = YES;
				GCC_C_LANGUAGE_STANDARD = gnu99;
				GCC_DYNAMIC_NO_PIC = NO;
				GCC_NO_COMMON_BLOCKS = YES;
				GCC_OPTIMIZATION_LEVEL = 0;
				GCC_PREPROCESSOR_DEFINITIONS = (
					"DEBUG=1",
					"$(inherited)",
				);
				GCC_WARN_64_TO_32_BIT_CONVERSION = YES;
				GCC_WARN_ABOUT_RETURN_TYPE = YES_ERROR;
				GCC_WARN_UNDECLARED_SELECTOR = YES;
				GCC_WARN_UNINITIALIZED_AUTOS = YES_AGGRESSIVE;
				GCC_WARN_UNUSED_FUNCTION = YES;
				GCC_WARN_UNUSED_VARIABLE = YES;
				IPHONEOS_DEPLOYMENT_TARGET = 10.3;
				MTL_ENABLE_DEBUG_INFO = YES;
				ONLY_ACTIVE_ARCH = YES;
				SDKROOT = iphoneos;
			};
			name = Debug;
		};
		84A1698F1F298C830028129C /* Release */ = {
			isa = XCBuildConfiguration;
			buildSettings = {
				ALWAYS_SEARCH_USER_PATHS = NO;
				CLANG_ANALYZER_NONNULL = YES;
				CLANG_ANALYZER_NUMBER_OBJECT_CONVERSION = YES_AGGRESSIVE;
				CLANG_CXX_LANGUAGE_STANDARD = "gnu++0x";
				CLANG_CXX_LIBRARY = "libc++";
				CLANG_ENABLE_MODULES = YES;
				CLANG_ENABLE_OBJC_ARC = YES;
				CLANG_WARN_BOOL_CONVERSION = YES;
				CLANG_WARN_CONSTANT_CONVERSION = YES;
				CLANG_WARN_DIRECT_OBJC_ISA_USAGE = YES_ERROR;
				CLANG_WARN_DOCUMENTATION_COMMENTS = YES;
				CLANG_WARN_EMPTY_BODY = YES;
				CLANG_WARN_ENUM_CONVERSION = YES;
				CLANG_WARN_INFINITE_RECURSION = YES;
				CLANG_WARN_INT_CONVERSION = YES;
				CLANG_WARN_OBJC_ROOT_CLASS = YES_ERROR;
				CLANG_WARN_SUSPICIOUS_MOVE = YES;
				CLANG_WARN_UNREACHABLE_CODE = YES;
				CLANG_WARN__DUPLICATE_METHOD_MATCH = YES;
				"CODE_SIGN_IDENTITY[sdk=iphoneos*]" = "iPhone Developer";
				COPY_PHASE_STRIP = NO;
				DEBUG_INFORMATION_FORMAT = "dwarf-with-dsym";
				ENABLE_NS_ASSERTIONS = NO;
				ENABLE_STRICT_OBJC_MSGSEND = YES;
				GCC_C_LANGUAGE_STANDARD = gnu99;
				GCC_NO_COMMON_BLOCKS = YES;
				GCC_WARN_64_TO_32_BIT_CONVERSION = YES;
				GCC_WARN_ABOUT_RETURN_TYPE = YES_ERROR;
				GCC_WARN_UNDECLARED_SELECTOR = YES;
				GCC_WARN_UNINITIALIZED_AUTOS = YES_AGGRESSIVE;
				GCC_WARN_UNUSED_FUNCTION = YES;
				GCC_WARN_UNUSED_VARIABLE = YES;
				IPHONEOS_DEPLOYMENT_TARGET = 10.3;
				MTL_ENABLE_DEBUG_INFO = NO;
				SDKROOT = iphoneos;
				VALIDATE_PRODUCT = YES;
			};
			name = Release;
		};
		84A169911F298C830028129C /* Debug */ = {
			isa = XCBuildConfiguration;
			buildSettings = {
				ASSETCATALOG_COMPILER_APPICON_NAME = AppIcon;
				DEVELOPMENT_TEAM = 64LC5EYVFQ;
				INFOPLIST_FILE = CCInterfaceAdaptation/Info.plist;
				IPHONEOS_DEPLOYMENT_TARGET = 8.0;
				LD_RUNPATH_SEARCH_PATHS = "$(inherited) @executable_path/Frameworks";
				PRODUCT_BUNDLE_IDENTIFIER = com.changcongcong.interfaceadaptation.CCInterfaceAdaptation;
				PRODUCT_NAME = "$(TARGET_NAME)";
				TARGETED_DEVICE_FAMILY = "1,2";
			};
			name = Debug;
		};
		84A169921F298C830028129C /* Release */ = {
			isa = XCBuildConfiguration;
			buildSettings = {
				ASSETCATALOG_COMPILER_APPICON_NAME = AppIcon;
				DEVELOPMENT_TEAM = 64LC5EYVFQ;
				INFOPLIST_FILE = CCInterfaceAdaptation/Info.plist;
				IPHONEOS_DEPLOYMENT_TARGET = 8.0;
				LD_RUNPATH_SEARCH_PATHS = "$(inherited) @executable_path/Frameworks";
				PRODUCT_BUNDLE_IDENTIFIER = com.changcongcong.interfaceadaptation.CCInterfaceAdaptation;
				PRODUCT_NAME = "$(TARGET_NAME)";
				TARGETED_DEVICE_FAMILY = "1,2";
			};
			name = Release;
		};
/* End XCBuildConfiguration section */

/* Begin XCConfigurationList section */
		84A169741F298C830028129C /* Build configuration list for PBXProject "CCInterfaceAdaptation" */ = {
			isa = XCConfigurationList;
			buildConfigurations = (
				84A1698E1F298C830028129C /* Debug */,
				84A1698F1F298C830028129C /* Release */,
			);
			defaultConfigurationIsVisible = 0;
			defaultConfigurationName = Release;
		};
		84A169901F298C830028129C /* Build configuration list for PBXNativeTarget "CCInterfaceAdaptation" */ = {
			isa = XCConfigurationList;
			buildConfigurations = (
				84A169911F298C830028129C /* Debug */,
				84A169921F298C830028129C /* Release */,
			);
			defaultConfigurationIsVisible = 0;
			defaultConfigurationName = Release;
		};
/* End XCConfigurationList section */
	};
	rootObject = 84A169711F298C830028129C /* Project object */;
}
